{
    "name": "cdk-sagemaker-demo",
    "version": "0.1.0",
    "lockfileVersion": 1,
    "requires": true,
    "dependencies": {
        "@aws-cdk/aws-iam": {
            "version": "1.23.0",
            "resolved": "https://registry.npmjs.org/@aws-cdk/aws-iam/-/aws-iam-1.23.0.tgz",
            "integrity": "sha512-BRaPLnZGcd8nxuIiBynLLbuqN+2KfEnQIdsC0uqjDVpTDygQB9ic1ocmf0jugsZ1W4hS1oY8EaZY9v/TX3rQgQ==",
            "requires": {
                "@aws-cdk/core": "1.23.0",
                "@aws-cdk/region-info": "1.23.0"
            }
        },
        "@aws-cdk/aws-sagemaker": {
            "version": "1.23.0",
            "resolved": "https://registry.npmjs.org/@aws-cdk/aws-sagemaker/-/aws-sagemaker-1.23.0.tgz",
            "integrity": "sha512-qyubO9MQe++uvxgbSURJsQvFm8auA1l2j8aWTHnbyeqQAyCqAn83vTPNjgmuXzIldftJ0/bY1J+zaJ+vi2qqPg==",
            "requires": {
                "@aws-cdk/core": "1.23.0"
            }
        },
        "@aws-cdk/cdk": {
            "version": "0.36.1",
            "resolved": "https://registry.npmjs.org/@aws-cdk/cdk/-/cdk-0.36.1.tgz",
            "integrity": "sha512-zANjIxZZM/sFns5zUbGEBikZcF4m+77aNQ6o6vcQkVcglky9peZ0q7T4urngSDP/QHnjsqpp6QrJaLSvjcInJg=="
        },
        "@aws-cdk/core": {
            "version": "1.23.0",
            "resolved": "https://registry.npmjs.org/@aws-cdk/core/-/core-1.23.0.tgz",
            "integrity": "sha512-Fip5/A6uYM3EsZKZknElTO0KM5M/6k1P0ZZgzda7MGmHXegw6MoHzM/zsAMIvpUAIdJlpko+1HgqtcOShRyKYg==",
            "requires": {
                "@aws-cdk/cx-api": "1.23.0"
            }
        },
        "@aws-cdk/cx-api": {
            "version": "1.23.0",
            "resolved": "https://registry.npmjs.org/@aws-cdk/cx-api/-/cx-api-1.23.0.tgz",
            "integrity": "sha512-xvGxAvBRgNgMhHwpSZ6XKL7p8mllGksglbJ2tp/ZVXpcUMqmKcOU0jvt/tto8VZShS24nO8nkAQmoL/PFlc44w==",
            "requires": {
                "semver": "^7.1.2"
            },
            "dependencies": {
                "semver": {
                    "version": "7.1.2",
                    "bundled": true
                }
            }
        },
        "@aws-cdk/region-info": {
            "version": "1.23.0",
            "resolved": "https://registry.npmjs.org/@aws-cdk/region-info/-/region-info-1.23.0.tgz",
            "integrity": "sha512-oJbvjsBHySi6p5c4kW3tjTEgb9eV7zfOW27wIKToRD57e3plbbjJluq3HVumyBxEEdSid4EWM1dnN0bQW2213Q=="
        },
        "@types/node": {
            "version": "13.7.1",
            "resolved": "https://registry.npmjs.org/@types/node/-/node-13.7.1.tgz",
            "integrity": "sha512-Zq8gcQGmn4txQEJeiXo/KiLpon8TzAl0kmKH4zdWctPj05nWwp1ClMdAVEloqrQKfaC48PNLdgN/aVaLqUrluA==",
            "dev": true
        },
        "aws-cdk": {
            "version": "1.174.0",
            "resolved": "https://registry.npmjs.org/aws-cdk/-/aws-cdk-1.174.0.tgz",
            "integrity": "sha512-cAnJ1vx8p0sFoHR5IP4YKd4l3lN7s9Y7+umwb4eNgWr+XSgUbuYiJgS/FD57hIbHN1uoBih3QAE0RA62LVJSFw==",
            "dev": true,
            "requires": {
                "fsevents": "2.3.2"
            }
        },
        "fsevents": {
            "version": "2.3.2",
            "resolved": "https://registry.npmjs.org/fsevents/-/fsevents-2.3.2.tgz",
            "integrity": "sha512-xiqMQR4xAeHTuB9uWm+fFRcIOgKBMiOBP+eXiyT7jsgVCq1bkVygt00oASowB7EdtpOHaaPgKt812P9ab+DDKA==",
            "dev": true,
            "optional": true
        },
        "typescript": {
            "version": "3.7.5",
            "resolved": "https://registry.npmjs.org/typescript/-/typescript-3.7.5.tgz",
            "integrity": "sha512-/P5lkRXkWHNAbcJIiHPfRoKqyd7bsyCma1hZNUGfn20qm64T6ZBlrzprymeu918H+mB/0rIg2gGK/BXkhhYgBw==",
            "dev": true
        }
    }
}
